{
  "R": {
    "Version": "4.2.0",
    "Repositories": [
      {
        "Name": "CRAN",
        "URL": "https://cran.ma.imperial.ac.uk"
      }
    ]
  },
  "Packages": [],
  "Python": {
    "Version": "3.8.13",
    "Type": "virtualenv",
    "Name": "./renv/python/virtualenvs/renv-python-3.8"
  }
}
